
Microsoft Visual Studio Solution File, Format Version 12.00
# Visual Studio Version 17
VisualStudioVersion = 17.13.35931.197
MinimumVisualStudioVersion = 10.0.40219.1
Project("{FAE04EC0-301F-11D3-BF4B-00C04F79EFBC}") = "ToolsWPF", "ToolsWPF\ToolsWPF.csproj", "{4078D724-E97B-4592-8684-4AD47B7D07E9}"
EndProject
Project("{FAE04EC0-301F-11D3-BF4B-00C04F79EFBC}") = "Domain", "Domain\Domain.csproj", "{D329A009-455F-449E-B904-4305202A1155}"
EndProject
Project("{FAE04EC0-301F-11D3-BF4B-00C04F79EFBC}") = "ViewModel", "ViewModel\ViewModel.csproj", "{4145F07B-9A6E-4AA5-9DFF-D79AFF68C415}"
EndProject
Project("{FAE04EC0-301F-11D3-BF4B-00C04F79EFBC}") = "WebAPIClient", "WebAPIClient\WebAPIClient.csproj", "{64A34D6F-1DA3-42A1-857E-815F7C19AEFD}"
EndProject
Global
	GlobalSection(SolutionConfigurationPlatforms) = preSolution
		Debug|Any CPU = Debug|Any CPU
		Release|Any CPU = Release|Any CPU
	EndGlobalSection
	GlobalSection(ProjectConfigurationPlatforms) = postSolution
		{4078D724-E97B-4592-8684-4AD47B7D07E9}.Debug|Any CPU.ActiveCfg = Debug|Any CPU
		{4078D724-E97B-4592-8684-4AD47B7D07E9}.Debug|Any CPU.Build.0 = Debug|Any CPU
		{4078D724-E97B-4592-8684-4AD47B7D07E9}.Release|Any CPU.ActiveCfg = Release|Any CPU
		{4078D724-E97B-4592-8684-4AD47B7D07E9}.Release|Any CPU.Build.0 = Release|Any CPU
		{D329A009-455F-449E-B904-4305202A1155}.Debug|Any CPU.ActiveCfg = Debug|Any CPU
		{D329A009-455F-449E-B904-4305202A1155}.Debug|Any CPU.Build.0 = Debug|Any CPU
		{D329A009-455F-449E-B904-4305202A1155}.Release|Any CPU.ActiveCfg = Release|Any CPU
		{D329A009-455F-449E-B904-4305202A1155}.Release|Any CPU.Build.0 = Release|Any CPU
		{4145F07B-9A6E-4AA5-9DFF-D79AFF68C415}.Debug|Any CPU.ActiveCfg = Debug|Any CPU
		{4145F07B-9A6E-4AA5-9DFF-D79AFF68C415}.Debug|Any CPU.Build.0 = Debug|Any CPU
		{4145F07B-9A6E-4AA5-9DFF-D79AFF68C415}.Release|Any CPU.ActiveCfg = Release|Any CPU
		{4145F07B-9A6E-4AA5-9DFF-D79AFF68C415}.Release|Any CPU.Build.0 = Release|Any CPU
		{64A34D6F-1DA3-42A1-857E-815F7C19AEFD}.Debug|Any CPU.ActiveCfg = Debug|Any CPU
		{64A34D6F-1DA3-42A1-857E-815F7C19AEFD}.Debug|Any CPU.Build.0 = Debug|Any CPU
		{64A34D6F-1DA3-42A1-857E-815F7C19AEFD}.Release|Any CPU.ActiveCfg = Release|Any CPU
		{64A34D6F-1DA3-42A1-857E-815F7C19AEFD}.Release|Any CPU.Build.0 = Release|Any CPU
	EndGlobalSection
	GlobalSection(SolutionProperties) = preSolution
		HideSolutionNode = FALSE
	EndGlobalSection
	GlobalSection(ExtensibilityGlobals) = postSolution
		SolutionGuid = {AA7EC291-9CCE-42B9-84CE-E429D5B2E7FA}
	EndGlobalSection
EndGlobal
